
Microsoft Visual Studio Solution File, Format Version 12.00
# Visual Studio Version 17
VisualStudioVersion = 17.14.36301.6
MinimumVisualStudioVersion = 10.0.40219.1
Project("{FAE04EC0-301F-11D3-BF4B-00C04F79EFBC}") = "AssetManagement", "AssetManagement\AssetManagement.csproj", "{018B288D-73C7-4A1F-BC57-FC7F706A0ABB}"
EndProject
Project("{FAE04EC0-301F-11D3-BF4B-00C04F79EFBC}") = "AssetManagementTest", "AssetManagementTest\AssetManagementTest.csproj", "{2032284B-EAF9-41AC-A246-A1651CE211F8}"
EndProject
Global
	GlobalSection(SolutionConfigurationPlatforms) = preSolution
		Debug|Any CPU = Debug|Any CPU
		Release|Any CPU = Release|Any CPU
	EndGlobalSection
	GlobalSection(ProjectConfigurationPlatforms) = postSolution
		{018B288D-73C7-4A1F-BC57-FC7F706A0ABB}.Debug|Any CPU.ActiveCfg = Debug|Any CPU
		{018B288D-73C7-4A1F-BC57-FC7F706A0ABB}.Debug|Any CPU.Build.0 = Debug|Any CPU
		{018B288D-73C7-4A1F-BC57-FC7F706A0ABB}.Release|Any CPU.ActiveCfg = Release|Any CPU
		{018B288D-73C7-4A1F-BC57-FC7F706A0ABB}.Release|Any CPU.Build.0 = Release|Any CPU
		{2032284B-EAF9-41AC-A246-A1651CE211F8}.Debug|Any CPU.ActiveCfg = Debug|Any CPU
		{2032284B-EAF9-41AC-A246-A1651CE211F8}.Debug|Any CPU.Build.0 = Debug|Any CPU
		{2032284B-EAF9-41AC-A246-A1651CE211F8}.Release|Any CPU.ActiveCfg = Release|Any CPU
		{2032284B-EAF9-41AC-A246-A1651CE211F8}.Release|Any CPU.Build.0 = Release|Any CPU
	EndGlobalSection
	GlobalSection(SolutionProperties) = preSolution
		HideSolutionNode = FALSE
	EndGlobalSection
	GlobalSection(ExtensibilityGlobals) = postSolution
		SolutionGuid = {AE504811-8DF2-4710-806E-3A7796BD0F9A}
	EndGlobalSection
EndGlobal
